# THIS IS AN AUTOGENERATED FILE. DO NOT EDIT THIS FILE DIRECTLY.
# yarn lockfile v1


eslint-plugin-promise@^5.1.0:
  version "5.1.0"
  resolved "https://registry.yarnpkg.com/eslint-plugin-promise/-/eslint-plugin-promise-5.1.0.tgz#fb2188fb734e4557993733b41aa1a688f46c6f24"
  integrity sha512-NGmI6BH5L12pl7ScQHbg7tvtk4wPxxj8yPHH47NvSmMtFneC077PSeY3huFj06ZWZvtbfxSPt3RuOQD5XcR4ng==
